
Microsoft Visual Studio Solution File, Format Version 12.00
# Visual Studio Version 17
VisualStudioVersion = 17.10.35122.118
MinimumVisualStudioVersion = 10.0.40219.1
Project("{FAE04EC0-301F-11D3-BF4B-00C04F79EFBC}") = "StudentTeacherManagement", "OneToManyRelation\StudentTeacherManagement.csproj", "{17F6AA47-EC76-4B0E-B2E8-4549DB770015}"
EndProject
Project("{FAE04EC0-301F-11D3-BF4B-00C04F79EFBC}") = "Application", "Application\Application.csproj", "{A2969D40-1436-4CE8-94A4-4B1CA80569F4}"
EndProject
Project("{FAE04EC0-301F-11D3-BF4B-00C04F79EFBC}") = "Domain", "Domain\Domain.csproj", "{E5997C06-34CC-48EF-8FD9-26CFC34C8E11}"
EndProject
Project("{FAE04EC0-301F-11D3-BF4B-00C04F79EFBC}") = "Infrastructure", "Infrastructure\Infrastructure.csproj", "{57797F04-3AEB-4421-8490-B60E54306F2F}"
EndProject
Global
	GlobalSection(SolutionConfigurationPlatforms) = preSolution
		Debug|Any CPU = Debug|Any CPU
		Release|Any CPU = Release|Any CPU
	EndGlobalSection
	GlobalSection(ProjectConfigurationPlatforms) = postSolution
		{17F6AA47-EC76-4B0E-B2E8-4549DB770015}.Debug|Any CPU.ActiveCfg = Debug|Any CPU
		{17F6AA47-EC76-4B0E-B2E8-4549DB770015}.Debug|Any CPU.Build.0 = Debug|Any CPU
		{17F6AA47-EC76-4B0E-B2E8-4549DB770015}.Release|Any CPU.ActiveCfg = Release|Any CPU
		{17F6AA47-EC76-4B0E-B2E8-4549DB770015}.Release|Any CPU.Build.0 = Release|Any CPU
		{A2969D40-1436-4CE8-94A4-4B1CA80569F4}.Debug|Any CPU.ActiveCfg = Debug|Any CPU
		{A2969D40-1436-4CE8-94A4-4B1CA80569F4}.Debug|Any CPU.Build.0 = Debug|Any CPU
		{A2969D40-1436-4CE8-94A4-4B1CA80569F4}.Release|Any CPU.ActiveCfg = Release|Any CPU
		{A2969D40-1436-4CE8-94A4-4B1CA80569F4}.Release|Any CPU.Build.0 = Release|Any CPU
		{E5997C06-34CC-48EF-8FD9-26CFC34C8E11}.Debug|Any CPU.ActiveCfg = Debug|Any CPU
		{E5997C06-34CC-48EF-8FD9-26CFC34C8E11}.Debug|Any CPU.Build.0 = Debug|Any CPU
		{E5997C06-34CC-48EF-8FD9-26CFC34C8E11}.Release|Any CPU.ActiveCfg = Release|Any CPU
		{E5997C06-34CC-48EF-8FD9-26CFC34C8E11}.Release|Any CPU.Build.0 = Release|Any CPU
		{57797F04-3AEB-4421-8490-B60E54306F2F}.Debug|Any CPU.ActiveCfg = Debug|Any CPU
		{57797F04-3AEB-4421-8490-B60E54306F2F}.Debug|Any CPU.Build.0 = Debug|Any CPU
		{57797F04-3AEB-4421-8490-B60E54306F2F}.Release|Any CPU.ActiveCfg = Release|Any CPU
		{57797F04-3AEB-4421-8490-B60E54306F2F}.Release|Any CPU.Build.0 = Release|Any CPU
	EndGlobalSection
	GlobalSection(SolutionProperties) = preSolution
		HideSolutionNode = FALSE
	EndGlobalSection
	GlobalSection(ExtensibilityGlobals) = postSolution
		SolutionGuid = {E338CF28-5053-4458-84B3-427F3B8EBF66}
	EndGlobalSection
EndGlobal
